// !$*UTF8*$!
{
	archiveVersion = 1;
	classes = {
	};
	objectVersion = 55;
	objects = {

/* Begin PBXBuildFile section */
		A44CED3B27C3B82500A67C97 /* AppDelegate.swift in Sources */ = {isa = PBXBuildFile; fileRef = A44CED3A27C3B82500A67C97 /* AppDelegate.swift */; };
		A44CED4427C3B82500A67C97 /* Assets.xcassets in Resources */ = {isa = PBXBuildFile; fileRef = A44CED4327C3B82500A67C97 /* Assets.xcassets */; };
		A44CED4727C3B82500A67C97 /* LaunchScreen.storyboard in Resources */ = {isa = PBXBuildFile; fileRef = A44CED4527C3B82500A67C97 /* LaunchScreen.storyboard */; };
		A44CED4F27C3B88D00A67C97 /* MainViewController.swift in Sources */ = {isa = PBXBuildFile; fileRef = A44CED4E27C3B88D00A67C97 /* MainViewController.swift */; };
		A44CED5327C3B92800A67C97 /* AllHeroesStatistics.swift in Sources */ = {isa = PBXBuildFile; fileRef = A44CED5227C3B92800A67C97 /* AllHeroesStatistics.swift */; };
		A44CED5527C3B95500A67C97 /* Hero.swift in Sources */ = {isa = PBXBuildFile; fileRef = A44CED5427C3B95500A67C97 /* Hero.swift */; };
		A44CED5727C3B96E00A67C97 /* Protocols.swift in Sources */ = {isa = PBXBuildFile; fileRef = A44CED5627C3B96E00A67C97 /* Protocols.swift */; };
		A44CED5927C3BAF800A67C97 /* HeroStatisticsStruct.swift in Sources */ = {isa = PBXBuildFile; fileRef = A44CED5827C3BAF800A67C97 /* HeroStatisticsStruct.swift */; };
		A44CED5B27C3BB9000A67C97 /* Enums.swift in Sources */ = {isa = PBXBuildFile; fileRef = A44CED5A27C3BB9000A67C97 /* Enums.swift */; };
/* End PBXBuildFile section */

/* Begin PBXFileReference section */
		A44CED3727C3B82500A67C97 /* EmojiGame.app */ = {isa = PBXFileReference; explicitFileType = wrapper.application; includeInIndex = 0; path = EmojiGame.app; sourceTree = BUILT_PRODUCTS_DIR; };
		A44CED3A27C3B82500A67C97 /* AppDelegate.swift */ = {isa = PBXFileReference; lastKnownFileType = sourcecode.swift; path = AppDelegate.swift; sourceTree = "<group>"; };
		A44CED4327C3B82500A67C97 /* Assets.xcassets */ = {isa = PBXFileReference; lastKnownFileType = folder.assetcatalog; path = Assets.xcassets; sourceTree = "<group>"; };
		A44CED4627C3B82500A67C97 /* Base */ = {isa = PBXFileReference; lastKnownFileType = file.storyboard; name = Base; path = Base.lproj/LaunchScreen.storyboard; sourceTree = "<group>"; };
		A44CED4827C3B82500A67C97 /* Info.plist */ = {isa = PBXFileReference; lastKnownFileType = text.plist.xml; path = Info.plist; sourceTree = "<group>"; };
		A44CED4E27C3B88D00A67C97 /* MainViewController.swift */ = {isa = PBXFileReference; lastKnownFileType = sourcecode.swift; path = MainViewController.swift; sourceTree = "<group>"; };
		A44CED5227C3B92800A67C97 /* AllHeroesStatistics.swift */ = {isa = PBXFileReference; lastKnownFileType = sourcecode.swift; path = AllHeroesStatistics.swift; sourceTree = "<group>"; };
		A44CED5427C3B95500A67C97 /* Hero.swift */ = {isa = PBXFileReference; lastKnownFileType = sourcecode.swift; path = Hero.swift; sourceTree = "<group>"; };
		A44CED5627C3B96E00A67C97 /* Protocols.swift */ = {isa = PBXFileReference; lastKnownFileType = sourcecode.swift; path = Protocols.swift; sourceTree = "<group>"; };
		A44CED5827C3BAF800A67C97 /* HeroStatisticsStruct.swift */ = {isa = PBXFileReference; lastKnownFileType = sourcecode.swift; path = HeroStatisticsStruct.swift; sourceTree = "<group>"; };
		A44CED5A27C3BB9000A67C97 /* Enums.swift */ = {isa = PBXFileReference; lastKnownFileType = sourcecode.swift; path = Enums.swift; sourceTree = "<group>"; };
/* End PBXFileReference section */

/* Begin PBXFrameworksBuildPhase section */
		A44CED3427C3B82500A67C97 /* Frameworks */ = {
			isa = PBXFrameworksBuildPhase;
			buildActionMask = 2147483647;
			files = (
			);
			runOnlyForDeploymentPostprocessing = 0;
		};
/* End PBXFrameworksBuildPhase section */

/* Begin PBXGroup section */
		A44CED2E27C3B82500A67C97 = {
			isa = PBXGroup;
			children = (
				A44CED3927C3B82500A67C97 /* EmojiGame */,
				A44CED3827C3B82500A67C97 /* Products */,
			);
			sourceTree = "<group>";
		};
		A44CED3827C3B82500A67C97 /* Products */ = {
			isa = PBXGroup;
			children = (
				A44CED3727C3B82500A67C97 /* EmojiGame.app */,
			);
			name = Products;
			sourceTree = "<group>";
		};
		A44CED3927C3B82500A67C97 /* EmojiGame */ = {
			isa = PBXGroup;
			children = (
				A44CED3A27C3B82500A67C97 /* AppDelegate.swift */,
				A44CED4E27C3B88D00A67C97 /* MainViewController.swift */,
				A44CED5227C3B92800A67C97 /* AllHeroesStatistics.swift */,
				A44CED5427C3B95500A67C97 /* Hero.swift */,
				A44CED5627C3B96E00A67C97 /* Protocols.swift */,
				A44CED5A27C3BB9000A67C97 /* Enums.swift */,
				A44CED5827C3BAF800A67C97 /* HeroStatisticsStruct.swift */,
				A44CED4327C3B82500A67C97 /* Assets.xcassets */,
				A44CED4527C3B82500A67C97 /* LaunchScreen.storyboard */,
				A44CED4827C3B82500A67C97 /* Info.plist */,
			);
			path = EmojiGame;
			sourceTree = "<group>";
		};
/* End PBXGroup section */

/* Begin PBXNativeTarget section */
		A44CED3627C3B82500A67C97 /* EmojiGame */ = {
			isa = PBXNativeTarget;
			buildConfigurationList = A44CED4B27C3B82500A67C97 /* Build configuration list for PBXNativeTarget "EmojiGame" */;
			buildPhases = (
				A44CED3327C3B82500A67C97 /* Sources */,
				A44CED3427C3B82500A67C97 /* Frameworks */,
				A44CED3527C3B82500A67C97 /* Resources */,
			);
			buildRules = (
			);
			dependencies = (
			);
			name = EmojiGame;
			productName = EmojiGame;
			productReference = A44CED3727C3B82500A67C97 /* EmojiGame.app */;
			productType = "com.apple.product-type.application";
		};
/* End PBXNativeTarget section */

/* Begin PBXProject section */
		A44CED2F27C3B82500A67C97 /* Project object */ = {
			isa = PBXProject;
			attributes = {
				BuildIndependentTargetsInParallel = 1;
				LastSwiftUpdateCheck = 1310;
				LastUpgradeCheck = 1310;
				TargetAttributes = {
					A44CED3627C3B82500A67C97 = {
						CreatedOnToolsVersion = 13.1;
					};
				};
			};
			buildConfigurationList = A44CED3227C3B82500A67C97 /* Build configuration list for PBXProject "EmojiGame" */;
			compatibilityVersion = "Xcode 13.0";
			developmentRegion = en;
			hasScannedForEncodings = 0;
			knownRegions = (
				en,
				Base,
			);
			mainGroup = A44CED2E27C3B82500A67C97;
			productRefGroup = A44CED3827C3B82500A67C97 /* Products */;
			projectDirPath = "";
			projectRoot = "";
			targets = (
				A44CED3627C3B82500A67C97 /* EmojiGame */,
			);
		};
/* End PBXProject section */

/* Begin PBXResourcesBuildPhase section */
		A44CED3527C3B82500A67C97 /* Resources */ = {
			isa = PBXResourcesBuildPhase;
			buildActionMask = 2147483647;
			files = (
				A44CED4727C3B82500A67C97 /* LaunchScreen.storyboard in Resources */,
				A44CED4427C3B82500A67C97 /* Assets.xcassets in Resources */,
			);
			runOnlyForDeploymentPostprocessing = 0;
		};
/* End PBXResourcesBuildPhase section */

/* Begin PBXSourcesBuildPhase section */
		A44CED3327C3B82500A67C97 /* Sources */ = {
			isa = PBXSourcesBuildPhase;
			buildActionMask = 2147483647;
			files = (
				A44CED5727C3B96E00A67C97 /* Protocols.swift in Sources */,
				A44CED5327C3B92800A67C97 /* AllHeroesStatistics.swift in Sources */,
				A44CED4F27C3B88D00A67C97 /* MainViewController.swift in Sources */,
				A44CED3B27C3B82500A67C97 /* AppDelegate.swift in Sources */,
				A44CED5B27C3BB9000A67C97 /* Enums.swift in Sources */,
				A44CED5527C3B95500A67C97 /* Hero.swift in Sources */,
				A44CED5927C3BAF800A67C97 /* HeroStatisticsStruct.swift in Sources */,
			);
			runOnlyForDeploymentPostprocessing = 0;
		};
/* End PBXSourcesBuildPhase section */

/* Begin PBXVariantGroup section */
		A44CED4527C3B82500A67C97 /* LaunchScreen.storyboard */ = {
			isa = PBXVariantGroup;
			children = (
				A44CED4627C3B82500A67C97 /* Base */,
			);
			name = LaunchScreen.storyboard;
			sourceTree = "<group>";
		};
/* End PBXVariantGroup section */

/* Begin XCBuildConfiguration section */
		A44CED4927C3B82500A67C97 /* Debug */ = {
			isa = XCBuildConfiguration;
			buildSettings = {
				ALWAYS_SEARCH_USER_PATHS = NO;
				CLANG_ANALYZER_NONNULL = YES;
				CLANG_ANALYZER_NUMBER_OBJECT_CONVERSION = YES_AGGRESSIVE;
				CLANG_CXX_LANGUAGE_STANDARD = "gnu++17";
				CLANG_CXX_LIBRARY = "libc++";
				CLANG_ENABLE_MODULES = YES;
				CLANG_ENABLE_OBJC_ARC = YES;
				CLANG_ENABLE_OBJC_WEAK = YES;
				CLANG_WARN_BLOCK_CAPTURE_AUTORELEASING = YES;
				CLANG_WARN_BOOL_CONVERSION = YES;
				CLANG_WARN_COMMA = YES;
				CLANG_WARN_CONSTANT_CONVERSION = YES;
				CLANG_WARN_DEPRECATED_OBJC_IMPLEMENTATIONS = YES;
				CLANG_WARN_DIRECT_OBJC_ISA_USAGE = YES_ERROR;
				CLANG_WARN_DOCUMENTATION_COMMENTS = YES;
				CLANG_WARN_EMPTY_BODY = YES;
				CLANG_WARN_ENUM_CONVERSION = YES;
				CLANG_WARN_INFINITE_RECURSION = YES;
				CLANG_WARN_INT_CONVERSION = YES;
				CLANG_WARN_NON_LITERAL_NULL_CONVERSION = YES;
				CLANG_WARN_OBJC_IMPLICIT_RETAIN_SELF = YES;
				CLANG_WARN_OBJC_LITERAL_CONVERSION = YES;
				CLANG_WARN_OBJC_ROOT_CLASS = YES_ERROR;
				CLANG_WARN_QUOTED_INCLUDE_IN_FRAMEWORK_HEADER = YES;
				CLANG_WARN_RANGE_LOOP_ANALYSIS = YES;
				CLANG_WARN_STRICT_PROTOTYPES = YES;
				CLANG_WARN_SUSPICIOUS_MOVE = YES;
				CLANG_WARN_UNGUARDED_AVAILABILITY = YES_AGGRESSIVE;
				CLANG_WARN_UNREACHABLE_CODE = YES;
				CLANG_WARN__DUPLICATE_METHOD_MATCH = YES;
				COPY_PHASE_STRIP = NO;
				DEBUG_INFORMATION_FORMAT = dwarf;
				ENABLE_STRICT_OBJC_MSGSEND = YES;
				ENABLE_TESTABILITY = YES;
				GCC_C_LANGUAGE_STANDARD = gnu11;
				GCC_DYNAMIC_NO_PIC = NO;
				GCC_NO_COMMON_BLOCKS = YES;
				GCC_OPTIMIZATION_LEVEL = 0;
				GCC_PREPROCESSOR_DEFINITIONS = (
					"DEBUG=1",
					"$(inherited)",
				);
				GCC_WARN_64_TO_32_BIT_CONVERSION = YES;
				GCC_WARN_ABOUT_RETURN_TYPE = YES_ERROR;
				GCC_WARN_UNDECLARED_SELECTOR = YES;
				GCC_WARN_UNINITIALIZED_AUTOS = YES_AGGRESSIVE;
				GCC_WARN_UNUSED_FUNCTION = YES;
				GCC_WARN_UNUSED_VARIABLE = YES;
				IPHONEOS_DEPLOYMENT_TARGET = 15.0;
				MTL_ENABLE_DEBUG_INFO = INCLUDE_SOURCE;
				MTL_FAST_MATH = YES;
				ONLY_ACTIVE_ARCH = YES;
				SDKROOT = iphoneos;
				SWIFT_ACTIVE_COMPILATION_CONDITIONS = DEBUG;
				SWIFT_OPTIMIZATION_LEVEL = "-Onone";
			};
			name = Debug;
		};
		A44CED4A27C3B82500A67C97 /* Release */ = {
			isa = XCBuildConfiguration;
			buildSettings = {
				ALWAYS_SEARCH_USER_PATHS = NO;
				CLANG_ANALYZER_NONNULL = YES;
				CLANG_ANALYZER_NUMBER_OBJECT_CONVERSION = YES_AGGRESSIVE;
				CLANG_CXX_LANGUAGE_STANDARD = "gnu++17";
				CLANG_CXX_LIBRARY = "libc++";
				CLANG_ENABLE_MODULES = YES;
				CLANG_ENABLE_OBJC_ARC = YES;
				CLANG_ENABLE_OBJC_WEAK = YES;
				CLANG_WARN_BLOCK_CAPTURE_AUTORELEASING = YES;
				CLANG_WARN_BOOL_CONVERSION = YES;
				CLANG_WARN_COMMA = YES;
				CLANG_WARN_CONSTANT_CONVERSION = YES;
				CLANG_WARN_DEPRECATED_OBJC_IMPLEMENTATIONS = YES;
				CLANG_WARN_DIRECT_OBJC_ISA_USAGE = YES_ERROR;
				CLANG_WARN_DOCUMENTATION_COMMENTS = YES;
				CLANG_WARN_EMPTY_BODY = YES;
				CLANG_WARN_ENUM_CONVERSION = YES;
				CLANG_WARN_INFINITE_RECURSION = YES;
				CLANG_WARN_INT_CONVERSION = YES;
				CLANG_WARN_NON_LITERAL_NULL_CONVERSION = YES;
				CLANG_WARN_OBJC_IMPLICIT_RETAIN_SELF = YES;
				CLANG_WARN_OBJC_LITERAL_CONVERSION = YES;
				CLANG_WARN_OBJC_ROOT_CLASS = YES_ERROR;
				CLANG_WARN_QUOTED_INCLUDE_IN_FRAMEWORK_HEADER = YES;
				CLANG_WARN_RANGE_LOOP_ANALYSIS = YES;
				CLANG_WARN_STRICT_PROTOTYPES = YES;
				CLANG_WARN_SUSPICIOUS_MOVE = YES;
				CLANG_WARN_UNGUARDED_AVAILABILITY = YES_AGGRESSIVE;
				CLANG_WARN_UNREACHABLE_CODE = YES;
				CLANG_WARN__DUPLICATE_METHOD_MATCH = YES;
				COPY_PHASE_STRIP = NO;
				DEBUG_INFORMATION_FORMAT = "dwarf-with-dsym";
				ENABLE_NS_ASSERTIONS = NO;
				ENABLE_STRICT_OBJC_MSGSEND = YES;
				GCC_C_LANGUAGE_STANDARD = gnu11;
				GCC_NO_COMMON_BLOCKS = YES;
				GCC_WARN_64_TO_32_BIT_CONVERSION = YES;
				GCC_WARN_ABOUT_RETURN_TYPE = YES_ERROR;
				GCC_WARN_UNDECLARED_SELECTOR = YES;
				GCC_WARN_UNINITIALIZED_AUTOS = YES_AGGRESSIVE;
				GCC_WARN_UNUSED_FUNCTION = YES;
				GCC_WARN_UNUSED_VARIABLE = YES;
				IPHONEOS_DEPLOYMENT_TARGET = 15.0;
				MTL_ENABLE_DEBUG_INFO = NO;
				MTL_FAST_MATH = YES;
				SDKROOT = iphoneos;
				SWIFT_COMPILATION_MODE = wholemodule;
				SWIFT_OPTIMIZATION_LEVEL = "-O";
				VALIDATE_PRODUCT = YES;
			};
			name = Release;
		};
		A44CED4C27C3B82500A67C97 /* Debug */ = {
			isa = XCBuildConfiguration;
			buildSettings = {
				ASSETCATALOG_COMPILER_APPICON_NAME = AppIcon;
				ASSETCATALOG_COMPILER_GLOBAL_ACCENT_COLOR_NAME = AccentColor;
				CODE_SIGN_STYLE = Automatic;
				CURRENT_PROJECT_VERSION = 1;
				DEVELOPMENT_TEAM = G57YK5NT2Q;
				GENERATE_INFOPLIST_FILE = YES;
				INFOPLIST_FILE = EmojiGame/Info.plist;
				INFOPLIST_KEY_UIApplicationSupportsIndirectInputEvents = YES;
				INFOPLIST_KEY_UILaunchStoryboardName = LaunchScreen;
				INFOPLIST_KEY_UISupportedInterfaceOrientations_iPad = "UIInterfaceOrientationPortrait UIInterfaceOrientationPortraitUpsideDown UIInterfaceOrientationLandscapeLeft UIInterfaceOrientationLandscapeRight";
				INFOPLIST_KEY_UISupportedInterfaceOrientations_iPhone = "UIInterfaceOrientationPortrait UIInterfaceOrientationLandscapeLeft UIInterfaceOrientationLandscapeRight";
				LD_RUNPATH_SEARCH_PATHS = (
					"$(inherited)",
					"@executable_path/Frameworks",
				);
				MARKETING_VERSION = 1.0;
				PRODUCT_BUNDLE_IDENTIFIER = com.oiuyt.EmojiGame;
				PRODUCT_NAME = "$(TARGET_NAME)";
				SWIFT_EMIT_LOC_STRINGS = YES;
				SWIFT_VERSION = 5.0;
				TARGETED_DEVICE_FAMILY = "1,2";
			};
			name = Debug;
		};
		A44CED4D27C3B82500A67C97 /* Release */ = {
			isa = XCBuildConfiguration;
			buildSettings = {
				ASSETCATALOG_COMPILER_APPICON_NAME = AppIcon;
				ASSETCATALOG_COMPILER_GLOBAL_ACCENT_COLOR_NAME = AccentColor;
				CODE_SIGN_STYLE = Automatic;
				CURRENT_PROJECT_VERSION = 1;
				DEVELOPMENT_TEAM = G57YK5NT2Q;
				GENERATE_INFOPLIST_FILE = YES;
				INFOPLIST_FILE = EmojiGame/Info.plist;
				INFOPLIST_KEY_UIApplicationSupportsIndirectInputEvents = YES;
				INFOPLIST_KEY_UILaunchStoryboardName = LaunchScreen;
				INFOPLIST_KEY_UISupportedInterfaceOrientations_iPad = "UIInterfaceOrientationPortrait UIInterfaceOrientationPortraitUpsideDown UIInterfaceOrientationLandscapeLeft UIInterfaceOrientationLandscapeRight";
				INFOPLIST_KEY_UISupportedInterfaceOrientations_iPhone = "UIInterfaceOrientationPortrait UIInterfaceOrientationLandscapeLeft UIInterfaceOrientationLandscapeRight";
				LD_RUNPATH_SEARCH_PATHS = (
					"$(inherited)",
					"@executable_path/Frameworks",
				);
				MARKETING_VERSION = 1.0;
				PRODUCT_BUNDLE_IDENTIFIER = com.oiuyt.EmojiGame;
				PRODUCT_NAME = "$(TARGET_NAME)";
				SWIFT_EMIT_LOC_STRINGS = YES;
				SWIFT_VERSION = 5.0;
				TARGETED_DEVICE_FAMILY = "1,2";
			};
			name = Release;
		};
/* End XCBuildConfiguration section */

/* Begin XCConfigurationList section */
		A44CED3227C3B82500A67C97 /* Build configuration list for PBXProject "EmojiGame" */ = {
			isa = XCConfigurationList;
			buildConfigurations = (
				A44CED4927C3B82500A67C97 /* Debug */,
				A44CED4A27C3B82500A67C97 /* Release */,
			);
			defaultConfigurationIsVisible = 0;
			defaultConfigurationName = Release;
		};
		A44CED4B27C3B82500A67C97 /* Build configuration list for PBXNativeTarget "EmojiGame" */ = {
			isa = XCConfigurationList;
			buildConfigurations = (
				A44CED4C27C3B82500A67C97 /* Debug */,
				A44CED4D27C3B82500A67C97 /* Release */,
			);
			defaultConfigurationIsVisible = 0;
			defaultConfigurationName = Release;
		};
/* End XCConfigurationList section */
	};
	rootObject = A44CED2F27C3B82500A67C97 /* Project object */;
}
