// !$*UTF8*$!
{
	archiveVersion = 1;
	classes = {
	};
	objectVersion = 55;
	objects = {

/* Begin PBXBuildFile section */
		A41EF99827BC620E002FAB2A /* Protocols.swift in Sources */ = {isa = PBXBuildFile; fileRef = A41EF99727BC620E002FAB2A /* Protocols.swift */; };
		A41EF9C527BD2F3C002FAB2A /* MyCell.swift in Sources */ = {isa = PBXBuildFile; fileRef = A41EF9C427BD2F3C002FAB2A /* MyCell.swift */; };
		A41EF9C727BD2F44002FAB2A /* MyCell2.swift in Sources */ = {isa = PBXBuildFile; fileRef = A41EF9C627BD2F44002FAB2A /* MyCell2.swift */; };
		A41EF9C927BD2F4B002FAB2A /* CellParent.swift in Sources */ = {isa = PBXBuildFile; fileRef = A41EF9C827BD2F4B002FAB2A /* CellParent.swift */; };
		A41EF9CB27BD39DA002FAB2A /* Extensions.swift in Sources */ = {isa = PBXBuildFile; fileRef = A41EF9CA27BD39DA002FAB2A /* Extensions.swift */; };
		A4AD5E0E27BC53C2005D974D /* AppDelegate.swift in Sources */ = {isa = PBXBuildFile; fileRef = A4AD5E0D27BC53C2005D974D /* AppDelegate.swift */; };
		A4AD5E1227BC53C2005D974D /* ViewController.swift in Sources */ = {isa = PBXBuildFile; fileRef = A4AD5E1127BC53C2005D974D /* ViewController.swift */; };
		A4AD5E1727BC53C3005D974D /* Assets.xcassets in Resources */ = {isa = PBXBuildFile; fileRef = A4AD5E1627BC53C3005D974D /* Assets.xcassets */; };
		A4AD5E1A27BC53C3005D974D /* LaunchScreen.storyboard in Resources */ = {isa = PBXBuildFile; fileRef = A4AD5E1827BC53C3005D974D /* LaunchScreen.storyboard */; };
/* End PBXBuildFile section */

/* Begin PBXFileReference section */
		A41EF99727BC620E002FAB2A /* Protocols.swift */ = {isa = PBXFileReference; lastKnownFileType = sourcecode.swift; path = Protocols.swift; sourceTree = "<group>"; };
		A41EF9C427BD2F3C002FAB2A /* MyCell.swift */ = {isa = PBXFileReference; lastKnownFileType = sourcecode.swift; path = MyCell.swift; sourceTree = "<group>"; };
		A41EF9C627BD2F44002FAB2A /* MyCell2.swift */ = {isa = PBXFileReference; lastKnownFileType = sourcecode.swift; path = MyCell2.swift; sourceTree = "<group>"; };
		A41EF9C827BD2F4B002FAB2A /* CellParent.swift */ = {isa = PBXFileReference; lastKnownFileType = sourcecode.swift; path = CellParent.swift; sourceTree = "<group>"; };
		A41EF9CA27BD39DA002FAB2A /* Extensions.swift */ = {isa = PBXFileReference; lastKnownFileType = sourcecode.swift; path = Extensions.swift; sourceTree = "<group>"; };
		A4AD5E0A27BC53C2005D974D /* ProtocolsRyabov.app */ = {isa = PBXFileReference; explicitFileType = wrapper.application; includeInIndex = 0; path = ProtocolsRyabov.app; sourceTree = BUILT_PRODUCTS_DIR; };
		A4AD5E0D27BC53C2005D974D /* AppDelegate.swift */ = {isa = PBXFileReference; lastKnownFileType = sourcecode.swift; path = AppDelegate.swift; sourceTree = "<group>"; };
		A4AD5E1127BC53C2005D974D /* ViewController.swift */ = {isa = PBXFileReference; lastKnownFileType = sourcecode.swift; path = ViewController.swift; sourceTree = "<group>"; };
		A4AD5E1627BC53C3005D974D /* Assets.xcassets */ = {isa = PBXFileReference; lastKnownFileType = folder.assetcatalog; path = Assets.xcassets; sourceTree = "<group>"; };
		A4AD5E1927BC53C3005D974D /* Base */ = {isa = PBXFileReference; lastKnownFileType = file.storyboard; name = Base; path = Base.lproj/LaunchScreen.storyboard; sourceTree = "<group>"; };
		A4AD5E1B27BC53C3005D974D /* Info.plist */ = {isa = PBXFileReference; lastKnownFileType = text.plist.xml; path = Info.plist; sourceTree = "<group>"; };
/* End PBXFileReference section */

/* Begin PBXFrameworksBuildPhase section */
		A4AD5E0727BC53C2005D974D /* Frameworks */ = {
			isa = PBXFrameworksBuildPhase;
			buildActionMask = 2147483647;
			files = (
			);
			runOnlyForDeploymentPostprocessing = 0;
		};
/* End PBXFrameworksBuildPhase section */

/* Begin PBXGroup section */
		A41EF9C327BD2F22002FAB2A /* Cells */ = {
			isa = PBXGroup;
			children = (
				A41EF9C427BD2F3C002FAB2A /* MyCell.swift */,
				A41EF9C627BD2F44002FAB2A /* MyCell2.swift */,
				A41EF9C827BD2F4B002FAB2A /* CellParent.swift */,
			);
			path = Cells;
			sourceTree = "<group>";
		};
		A4AD5E0127BC53C2005D974D = {
			isa = PBXGroup;
			children = (
				A4AD5E0C27BC53C2005D974D /* ProtocolsRyabov */,
				A4AD5E0B27BC53C2005D974D /* Products */,
			);
			sourceTree = "<group>";
		};
		A4AD5E0B27BC53C2005D974D /* Products */ = {
			isa = PBXGroup;
			children = (
				A4AD5E0A27BC53C2005D974D /* ProtocolsRyabov.app */,
			);
			name = Products;
			sourceTree = "<group>";
		};
		A4AD5E0C27BC53C2005D974D /* ProtocolsRyabov */ = {
			isa = PBXGroup;
			children = (
				A4AD5E0D27BC53C2005D974D /* AppDelegate.swift */,
				A4AD5E1127BC53C2005D974D /* ViewController.swift */,
				A41EF99727BC620E002FAB2A /* Protocols.swift */,
				A41EF9CA27BD39DA002FAB2A /* Extensions.swift */,
				A41EF9C327BD2F22002FAB2A /* Cells */,
				A4AD5E1627BC53C3005D974D /* Assets.xcassets */,
				A4AD5E1827BC53C3005D974D /* LaunchScreen.storyboard */,
				A4AD5E1B27BC53C3005D974D /* Info.plist */,
			);
			path = ProtocolsRyabov;
			sourceTree = "<group>";
		};
/* End PBXGroup section */

/* Begin PBXNativeTarget section */
		A4AD5E0927BC53C2005D974D /* ProtocolsRyabov */ = {
			isa = PBXNativeTarget;
			buildConfigurationList = A4AD5E1E27BC53C3005D974D /* Build configuration list for PBXNativeTarget "ProtocolsRyabov" */;
			buildPhases = (
				A4AD5E0627BC53C2005D974D /* Sources */,
				A4AD5E0727BC53C2005D974D /* Frameworks */,
				A4AD5E0827BC53C2005D974D /* Resources */,
			);
			buildRules = (
			);
			dependencies = (
			);
			name = ProtocolsRyabov;
			productName = ProtocolsRyabov;
			productReference = A4AD5E0A27BC53C2005D974D /* ProtocolsRyabov.app */;
			productType = "com.apple.product-type.application";
		};
/* End PBXNativeTarget section */

/* Begin PBXProject section */
		A4AD5E0227BC53C2005D974D /* Project object */ = {
			isa = PBXProject;
			attributes = {
				BuildIndependentTargetsInParallel = 1;
				LastSwiftUpdateCheck = 1310;
				LastUpgradeCheck = 1310;
				TargetAttributes = {
					A4AD5E0927BC53C2005D974D = {
						CreatedOnToolsVersion = 13.1;
					};
				};
			};
			buildConfigurationList = A4AD5E0527BC53C2005D974D /* Build configuration list for PBXProject "ProtocolsRyabov" */;
			compatibilityVersion = "Xcode 13.0";
			developmentRegion = en;
			hasScannedForEncodings = 0;
			knownRegions = (
				en,
				Base,
			);
			mainGroup = A4AD5E0127BC53C2005D974D;
			productRefGroup = A4AD5E0B27BC53C2005D974D /* Products */;
			projectDirPath = "";
			projectRoot = "";
			targets = (
				A4AD5E0927BC53C2005D974D /* ProtocolsRyabov */,
			);
		};
/* End PBXProject section */

/* Begin PBXResourcesBuildPhase section */
		A4AD5E0827BC53C2005D974D /* Resources */ = {
			isa = PBXResourcesBuildPhase;
			buildActionMask = 2147483647;
			files = (
				A4AD5E1A27BC53C3005D974D /* LaunchScreen.storyboard in Resources */,
				A4AD5E1727BC53C3005D974D /* Assets.xcassets in Resources */,
			);
			runOnlyForDeploymentPostprocessing = 0;
		};
/* End PBXResourcesBuildPhase section */

/* Begin PBXSourcesBuildPhase section */
		A4AD5E0627BC53C2005D974D /* Sources */ = {
			isa = PBXSourcesBuildPhase;
			buildActionMask = 2147483647;
			files = (
				A41EF9C727BD2F44002FAB2A /* MyCell2.swift in Sources */,
				A4AD5E1227BC53C2005D974D /* ViewController.swift in Sources */,
				A4AD5E0E27BC53C2005D974D /* AppDelegate.swift in Sources */,
				A41EF9C527BD2F3C002FAB2A /* MyCell.swift in Sources */,
				A41EF9C927BD2F4B002FAB2A /* CellParent.swift in Sources */,
				A41EF99827BC620E002FAB2A /* Protocols.swift in Sources */,
				A41EF9CB27BD39DA002FAB2A /* Extensions.swift in Sources */,
			);
			runOnlyForDeploymentPostprocessing = 0;
		};
/* End PBXSourcesBuildPhase section */

/* Begin PBXVariantGroup section */
		A4AD5E1827BC53C3005D974D /* LaunchScreen.storyboard */ = {
			isa = PBXVariantGroup;
			children = (
				A4AD5E1927BC53C3005D974D /* Base */,
			);
			name = LaunchScreen.storyboard;
			sourceTree = "<group>";
		};
/* End PBXVariantGroup section */

/* Begin XCBuildConfiguration section */
		A4AD5E1C27BC53C3005D974D /* Debug */ = {
			isa = XCBuildConfiguration;
			buildSettings = {
				ALWAYS_SEARCH_USER_PATHS = NO;
				CLANG_ANALYZER_NONNULL = YES;
				CLANG_ANALYZER_NUMBER_OBJECT_CONVERSION = YES_AGGRESSIVE;
				CLANG_CXX_LANGUAGE_STANDARD = "gnu++17";
				CLANG_CXX_LIBRARY = "libc++";
				CLANG_ENABLE_MODULES = YES;
				CLANG_ENABLE_OBJC_ARC = YES;
				CLANG_ENABLE_OBJC_WEAK = YES;
				CLANG_WARN_BLOCK_CAPTURE_AUTORELEASING = YES;
				CLANG_WARN_BOOL_CONVERSION = YES;
				CLANG_WARN_COMMA = YES;
				CLANG_WARN_CONSTANT_CONVERSION = YES;
				CLANG_WARN_DEPRECATED_OBJC_IMPLEMENTATIONS = YES;
				CLANG_WARN_DIRECT_OBJC_ISA_USAGE = YES_ERROR;
				CLANG_WARN_DOCUMENTATION_COMMENTS = YES;
				CLANG_WARN_EMPTY_BODY = YES;
				CLANG_WARN_ENUM_CONVERSION = YES;
				CLANG_WARN_INFINITE_RECURSION = YES;
				CLANG_WARN_INT_CONVERSION = YES;
				CLANG_WARN_NON_LITERAL_NULL_CONVERSION = YES;
				CLANG_WARN_OBJC_IMPLICIT_RETAIN_SELF = YES;
				CLANG_WARN_OBJC_LITERAL_CONVERSION = YES;
				CLANG_WARN_OBJC_ROOT_CLASS = YES_ERROR;
				CLANG_WARN_QUOTED_INCLUDE_IN_FRAMEWORK_HEADER = YES;
				CLANG_WARN_RANGE_LOOP_ANALYSIS = YES;
				CLANG_WARN_STRICT_PROTOTYPES = YES;
				CLANG_WARN_SUSPICIOUS_MOVE = YES;
				CLANG_WARN_UNGUARDED_AVAILABILITY = YES_AGGRESSIVE;
				CLANG_WARN_UNREACHABLE_CODE = YES;
				CLANG_WARN__DUPLICATE_METHOD_MATCH = YES;
				COPY_PHASE_STRIP = NO;
				DEBUG_INFORMATION_FORMAT = dwarf;
				ENABLE_STRICT_OBJC_MSGSEND = YES;
				ENABLE_TESTABILITY = YES;
				GCC_C_LANGUAGE_STANDARD = gnu11;
				GCC_DYNAMIC_NO_PIC = NO;
				GCC_NO_COMMON_BLOCKS = YES;
				GCC_OPTIMIZATION_LEVEL = 0;
				GCC_PREPROCESSOR_DEFINITIONS = (
					"DEBUG=1",
					"$(inherited)",
				);
				GCC_WARN_64_TO_32_BIT_CONVERSION = YES;
				GCC_WARN_ABOUT_RETURN_TYPE = YES_ERROR;
				GCC_WARN_UNDECLARED_SELECTOR = YES;
				GCC_WARN_UNINITIALIZED_AUTOS = YES_AGGRESSIVE;
				GCC_WARN_UNUSED_FUNCTION = YES;
				GCC_WARN_UNUSED_VARIABLE = YES;
				IPHONEOS_DEPLOYMENT_TARGET = 15.0;
				MTL_ENABLE_DEBUG_INFO = INCLUDE_SOURCE;
				MTL_FAST_MATH = YES;
				ONLY_ACTIVE_ARCH = YES;
				SDKROOT = iphoneos;
				SWIFT_ACTIVE_COMPILATION_CONDITIONS = DEBUG;
				SWIFT_OPTIMIZATION_LEVEL = "-Onone";
			};
			name = Debug;
		};
		A4AD5E1D27BC53C3005D974D /* Release */ = {
			isa = XCBuildConfiguration;
			buildSettings = {
				ALWAYS_SEARCH_USER_PATHS = NO;
				CLANG_ANALYZER_NONNULL = YES;
				CLANG_ANALYZER_NUMBER_OBJECT_CONVERSION = YES_AGGRESSIVE;
				CLANG_CXX_LANGUAGE_STANDARD = "gnu++17";
				CLANG_CXX_LIBRARY = "libc++";
				CLANG_ENABLE_MODULES = YES;
				CLANG_ENABLE_OBJC_ARC = YES;
				CLANG_ENABLE_OBJC_WEAK = YES;
				CLANG_WARN_BLOCK_CAPTURE_AUTORELEASING = YES;
				CLANG_WARN_BOOL_CONVERSION = YES;
				CLANG_WARN_COMMA = YES;
				CLANG_WARN_CONSTANT_CONVERSION = YES;
				CLANG_WARN_DEPRECATED_OBJC_IMPLEMENTATIONS = YES;
				CLANG_WARN_DIRECT_OBJC_ISA_USAGE = YES_ERROR;
				CLANG_WARN_DOCUMENTATION_COMMENTS = YES;
				CLANG_WARN_EMPTY_BODY = YES;
				CLANG_WARN_ENUM_CONVERSION = YES;
				CLANG_WARN_INFINITE_RECURSION = YES;
				CLANG_WARN_INT_CONVERSION = YES;
				CLANG_WARN_NON_LITERAL_NULL_CONVERSION = YES;
				CLANG_WARN_OBJC_IMPLICIT_RETAIN_SELF = YES;
				CLANG_WARN_OBJC_LITERAL_CONVERSION = YES;
				CLANG_WARN_OBJC_ROOT_CLASS = YES_ERROR;
				CLANG_WARN_QUOTED_INCLUDE_IN_FRAMEWORK_HEADER = YES;
				CLANG_WARN_RANGE_LOOP_ANALYSIS = YES;
				CLANG_WARN_STRICT_PROTOTYPES = YES;
				CLANG_WARN_SUSPICIOUS_MOVE = YES;
				CLANG_WARN_UNGUARDED_AVAILABILITY = YES_AGGRESSIVE;
				CLANG_WARN_UNREACHABLE_CODE = YES;
				CLANG_WARN__DUPLICATE_METHOD_MATCH = YES;
				COPY_PHASE_STRIP = NO;
				DEBUG_INFORMATION_FORMAT = "dwarf-with-dsym";
				ENABLE_NS_ASSERTIONS = NO;
				ENABLE_STRICT_OBJC_MSGSEND = YES;
				GCC_C_LANGUAGE_STANDARD = gnu11;
				GCC_NO_COMMON_BLOCKS = YES;
				GCC_WARN_64_TO_32_BIT_CONVERSION = YES;
				GCC_WARN_ABOUT_RETURN_TYPE = YES_ERROR;
				GCC_WARN_UNDECLARED_SELECTOR = YES;
				GCC_WARN_UNINITIALIZED_AUTOS = YES_AGGRESSIVE;
				GCC_WARN_UNUSED_FUNCTION = YES;
				GCC_WARN_UNUSED_VARIABLE = YES;
				IPHONEOS_DEPLOYMENT_TARGET = 15.0;
				MTL_ENABLE_DEBUG_INFO = NO;
				MTL_FAST_MATH = YES;
				SDKROOT = iphoneos;
				SWIFT_COMPILATION_MODE = wholemodule;
				SWIFT_OPTIMIZATION_LEVEL = "-O";
				VALIDATE_PRODUCT = YES;
			};
			name = Release;
		};
		A4AD5E1F27BC53C3005D974D /* Debug */ = {
			isa = XCBuildConfiguration;
			buildSettings = {
				ASSETCATALOG_COMPILER_APPICON_NAME = AppIcon;
				ASSETCATALOG_COMPILER_GLOBAL_ACCENT_COLOR_NAME = AccentColor;
				CODE_SIGN_STYLE = Automatic;
				CURRENT_PROJECT_VERSION = 1;
				DEVELOPMENT_TEAM = G57YK5NT2Q;
				GENERATE_INFOPLIST_FILE = YES;
				INFOPLIST_FILE = ProtocolsRyabov/Info.plist;
				INFOPLIST_KEY_UIApplicationSupportsIndirectInputEvents = YES;
				INFOPLIST_KEY_UILaunchStoryboardName = LaunchScreen;
				INFOPLIST_KEY_UISupportedInterfaceOrientations_iPad = "UIInterfaceOrientationPortrait UIInterfaceOrientationPortraitUpsideDown UIInterfaceOrientationLandscapeLeft UIInterfaceOrientationLandscapeRight";
				INFOPLIST_KEY_UISupportedInterfaceOrientations_iPhone = "UIInterfaceOrientationPortrait UIInterfaceOrientationLandscapeLeft UIInterfaceOrientationLandscapeRight";
				LD_RUNPATH_SEARCH_PATHS = (
					"$(inherited)",
					"@executable_path/Frameworks",
				);
				MARKETING_VERSION = 1.0;
				PRODUCT_BUNDLE_IDENTIFIER = com.oiuyt.ProtocolsRyabov;
				PRODUCT_NAME = "$(TARGET_NAME)";
				SWIFT_EMIT_LOC_STRINGS = YES;
				SWIFT_VERSION = 5.0;
				TARGETED_DEVICE_FAMILY = "1,2";
			};
			name = Debug;
		};
		A4AD5E2027BC53C3005D974D /* Release */ = {
			isa = XCBuildConfiguration;
			buildSettings = {
				ASSETCATALOG_COMPILER_APPICON_NAME = AppIcon;
				ASSETCATALOG_COMPILER_GLOBAL_ACCENT_COLOR_NAME = AccentColor;
				CODE_SIGN_STYLE = Automatic;
				CURRENT_PROJECT_VERSION = 1;
				DEVELOPMENT_TEAM = G57YK5NT2Q;
				GENERATE_INFOPLIST_FILE = YES;
				INFOPLIST_FILE = ProtocolsRyabov/Info.plist;
				INFOPLIST_KEY_UIApplicationSupportsIndirectInputEvents = YES;
				INFOPLIST_KEY_UILaunchStoryboardName = LaunchScreen;
				INFOPLIST_KEY_UISupportedInterfaceOrientations_iPad = "UIInterfaceOrientationPortrait UIInterfaceOrientationPortraitUpsideDown UIInterfaceOrientationLandscapeLeft UIInterfaceOrientationLandscapeRight";
				INFOPLIST_KEY_UISupportedInterfaceOrientations_iPhone = "UIInterfaceOrientationPortrait UIInterfaceOrientationLandscapeLeft UIInterfaceOrientationLandscapeRight";
				LD_RUNPATH_SEARCH_PATHS = (
					"$(inherited)",
					"@executable_path/Frameworks",
				);
				MARKETING_VERSION = 1.0;
				PRODUCT_BUNDLE_IDENTIFIER = com.oiuyt.ProtocolsRyabov;
				PRODUCT_NAME = "$(TARGET_NAME)";
				SWIFT_EMIT_LOC_STRINGS = YES;
				SWIFT_VERSION = 5.0;
				TARGETED_DEVICE_FAMILY = "1,2";
			};
			name = Release;
		};
/* End XCBuildConfiguration section */

/* Begin XCConfigurationList section */
		A4AD5E0527BC53C2005D974D /* Build configuration list for PBXProject "ProtocolsRyabov" */ = {
			isa = XCConfigurationList;
			buildConfigurations = (
				A4AD5E1C27BC53C3005D974D /* Debug */,
				A4AD5E1D27BC53C3005D974D /* Release */,
			);
			defaultConfigurationIsVisible = 0;
			defaultConfigurationName = Release;
		};
		A4AD5E1E27BC53C3005D974D /* Build configuration list for PBXNativeTarget "ProtocolsRyabov" */ = {
			isa = XCConfigurationList;
			buildConfigurations = (
				A4AD5E1F27BC53C3005D974D /* Debug */,
				A4AD5E2027BC53C3005D974D /* Release */,
			);
			defaultConfigurationIsVisible = 0;
			defaultConfigurationName = Release;
		};
/* End XCConfigurationList section */
	};
	rootObject = A4AD5E0227BC53C2005D974D /* Project object */;
}
