// !$*UTF8*$!
{
	archiveVersion = 1;
	classes = {
	};
	objectVersion = 55;
	objects = {

/* Begin PBXBuildFile section */
		A44675E727CD923A009D54B1 /* AppDelegate.swift in Sources */ = {isa = PBXBuildFile; fileRef = A44675E627CD923A009D54B1 /* AppDelegate.swift */; };
		A44675F327CD923B009D54B1 /* Assets.xcassets in Resources */ = {isa = PBXBuildFile; fileRef = A44675F227CD923B009D54B1 /* Assets.xcassets */; };
		A44675F627CD923B009D54B1 /* LaunchScreen.storyboard in Resources */ = {isa = PBXBuildFile; fileRef = A44675F427CD923B009D54B1 /* LaunchScreen.storyboard */; };
		A446760327CD987D009D54B1 /* MVVM_CoreData.xcdatamodeld in Sources */ = {isa = PBXBuildFile; fileRef = A446760127CD987D009D54B1 /* MVVM_CoreData.xcdatamodeld */; };
		A446760727CDA8C9009D54B1 /* NotesTableViewController.swift in Sources */ = {isa = PBXBuildFile; fileRef = A446760627CDA8C9009D54B1 /* NotesTableViewController.swift */; };
		A446760B27CDA904009D54B1 /* TableViewViewModelType.swift in Sources */ = {isa = PBXBuildFile; fileRef = A446760827CDA904009D54B1 /* TableViewViewModelType.swift */; };
		A446760C27CDA904009D54B1 /* TableViewCellViewModelType.swift in Sources */ = {isa = PBXBuildFile; fileRef = A446760927CDA904009D54B1 /* TableViewCellViewModelType.swift */; };
		A446761427CDA95F009D54B1 /* TableViewCellViewModel.swift in Sources */ = {isa = PBXBuildFile; fileRef = A446761227CDA95F009D54B1 /* TableViewCellViewModel.swift */; };
		A446761627CDA95F009D54B1 /* TableViewViewModel.swift in Sources */ = {isa = PBXBuildFile; fileRef = A446761327CDA95F009D54B1 /* TableViewViewModel.swift */; };
		A446761E27CDAD9D009D54B1 /* CustomTableViewCell.swift in Sources */ = {isa = PBXBuildFile; fileRef = A446761C27CDAD9D009D54B1 /* CustomTableViewCell.swift */; };
		A4472B7C27CE392400C6FB9C /* TableView.swift in Sources */ = {isa = PBXBuildFile; fileRef = A4472B7B27CE392400C6FB9C /* TableView.swift */; };
/* End PBXBuildFile section */

/* Begin PBXFileReference section */
		A44675E327CD923A009D54B1 /* MVVM CoreData.app */ = {isa = PBXFileReference; explicitFileType = wrapper.application; includeInIndex = 0; path = "MVVM CoreData.app"; sourceTree = BUILT_PRODUCTS_DIR; };
		A44675E627CD923A009D54B1 /* AppDelegate.swift */ = {isa = PBXFileReference; lastKnownFileType = sourcecode.swift; path = AppDelegate.swift; sourceTree = "<group>"; };
		A44675F227CD923B009D54B1 /* Assets.xcassets */ = {isa = PBXFileReference; lastKnownFileType = folder.assetcatalog; path = Assets.xcassets; sourceTree = "<group>"; };
		A44675F527CD923B009D54B1 /* Base */ = {isa = PBXFileReference; lastKnownFileType = file.storyboard; name = Base; path = Base.lproj/LaunchScreen.storyboard; sourceTree = "<group>"; };
		A44675F727CD923B009D54B1 /* Info.plist */ = {isa = PBXFileReference; lastKnownFileType = text.plist.xml; path = Info.plist; sourceTree = "<group>"; };
		A446760227CD987D009D54B1 /* DataModel.xcdatamodel */ = {isa = PBXFileReference; lastKnownFileType = wrapper.xcdatamodel; path = DataModel.xcdatamodel; sourceTree = "<group>"; };
		A446760627CDA8C9009D54B1 /* NotesTableViewController.swift */ = {isa = PBXFileReference; lastKnownFileType = sourcecode.swift; path = NotesTableViewController.swift; sourceTree = "<group>"; };
		A446760827CDA904009D54B1 /* TableViewViewModelType.swift */ = {isa = PBXFileReference; fileEncoding = 4; lastKnownFileType = sourcecode.swift; path = TableViewViewModelType.swift; sourceTree = "<group>"; };
		A446760927CDA904009D54B1 /* TableViewCellViewModelType.swift */ = {isa = PBXFileReference; fileEncoding = 4; lastKnownFileType = sourcecode.swift; path = TableViewCellViewModelType.swift; sourceTree = "<group>"; };
		A446761227CDA95F009D54B1 /* TableViewCellViewModel.swift */ = {isa = PBXFileReference; lastKnownFileType = sourcecode.swift; path = TableViewCellViewModel.swift; sourceTree = "<group>"; };
		A446761327CDA95F009D54B1 /* TableViewViewModel.swift */ = {isa = PBXFileReference; lastKnownFileType = sourcecode.swift; path = TableViewViewModel.swift; sourceTree = "<group>"; };
		A446761C27CDAD9D009D54B1 /* CustomTableViewCell.swift */ = {isa = PBXFileReference; fileEncoding = 4; lastKnownFileType = sourcecode.swift; path = CustomTableViewCell.swift; sourceTree = "<group>"; };
		A4472B7B27CE392400C6FB9C /* TableView.swift */ = {isa = PBXFileReference; lastKnownFileType = sourcecode.swift; path = TableView.swift; sourceTree = "<group>"; };
/* End PBXFileReference section */

/* Begin PBXFrameworksBuildPhase section */
		A44675E027CD923A009D54B1 /* Frameworks */ = {
			isa = PBXFrameworksBuildPhase;
			buildActionMask = 2147483647;
			files = (
			);
			runOnlyForDeploymentPostprocessing = 0;
		};
/* End PBXFrameworksBuildPhase section */

/* Begin PBXGroup section */
		A44675DA27CD923A009D54B1 = {
			isa = PBXGroup;
			children = (
				A44675E527CD923A009D54B1 /* MVVM CoreData */,
				A44675E427CD923A009D54B1 /* Products */,
			);
			sourceTree = "<group>";
		};
		A44675E427CD923A009D54B1 /* Products */ = {
			isa = PBXGroup;
			children = (
				A44675E327CD923A009D54B1 /* MVVM CoreData.app */,
			);
			name = Products;
			sourceTree = "<group>";
		};
		A44675E527CD923A009D54B1 /* MVVM CoreData */ = {
			isa = PBXGroup;
			children = (
				A44675E627CD923A009D54B1 /* AppDelegate.swift */,
				A4472B7A27CE390E00C6FB9C /* Views */,
				A4472B7927CE38BF00C6FB9C /* ViewModels */,
				A4472B7D27CE3B3400C6FB9C /* Controllers */,
				A446760E27CDA911009D54B1 /* Protocols */,
				A44675F227CD923B009D54B1 /* Assets.xcassets */,
				A44675F427CD923B009D54B1 /* LaunchScreen.storyboard */,
				A44675F727CD923B009D54B1 /* Info.plist */,
				A446760127CD987D009D54B1 /* MVVM_CoreData.xcdatamodeld */,
			);
			path = "MVVM CoreData";
			sourceTree = "<group>";
		};
		A446760E27CDA911009D54B1 /* Protocols */ = {
			isa = PBXGroup;
			children = (
				A446760927CDA904009D54B1 /* TableViewCellViewModelType.swift */,
				A446760827CDA904009D54B1 /* TableViewViewModelType.swift */,
			);
			path = Protocols;
			sourceTree = "<group>";
		};
		A4472B7927CE38BF00C6FB9C /* ViewModels */ = {
			isa = PBXGroup;
			children = (
				A446761227CDA95F009D54B1 /* TableViewCellViewModel.swift */,
				A446761327CDA95F009D54B1 /* TableViewViewModel.swift */,
			);
			path = ViewModels;
			sourceTree = "<group>";
		};
		A4472B7A27CE390E00C6FB9C /* Views */ = {
			isa = PBXGroup;
			children = (
				A4472B7B27CE392400C6FB9C /* TableView.swift */,
				A446761C27CDAD9D009D54B1 /* CustomTableViewCell.swift */,
			);
			path = Views;
			sourceTree = "<group>";
		};
		A4472B7D27CE3B3400C6FB9C /* Controllers */ = {
			isa = PBXGroup;
			children = (
				A446760627CDA8C9009D54B1 /* NotesTableViewController.swift */,
			);
			path = Controllers;
			sourceTree = "<group>";
		};
/* End PBXGroup section */

/* Begin PBXNativeTarget section */
		A44675E227CD923A009D54B1 /* MVVM CoreData */ = {
			isa = PBXNativeTarget;
			buildConfigurationList = A44675FA27CD923B009D54B1 /* Build configuration list for PBXNativeTarget "MVVM CoreData" */;
			buildPhases = (
				A44675DF27CD923A009D54B1 /* Sources */,
				A44675E027CD923A009D54B1 /* Frameworks */,
				A44675E127CD923A009D54B1 /* Resources */,
			);
			buildRules = (
			);
			dependencies = (
			);
			name = "MVVM CoreData";
			productName = "MVVM CoreData";
			productReference = A44675E327CD923A009D54B1 /* MVVM CoreData.app */;
			productType = "com.apple.product-type.application";
		};
/* End PBXNativeTarget section */

/* Begin PBXProject section */
		A44675DB27CD923A009D54B1 /* Project object */ = {
			isa = PBXProject;
			attributes = {
				BuildIndependentTargetsInParallel = 1;
				LastSwiftUpdateCheck = 1310;
				LastUpgradeCheck = 1310;
				TargetAttributes = {
					A44675E227CD923A009D54B1 = {
						CreatedOnToolsVersion = 13.1;
					};
				};
			};
			buildConfigurationList = A44675DE27CD923A009D54B1 /* Build configuration list for PBXProject "MVVM CoreData" */;
			compatibilityVersion = "Xcode 13.0";
			developmentRegion = en;
			hasScannedForEncodings = 0;
			knownRegions = (
				en,
				Base,
			);
			mainGroup = A44675DA27CD923A009D54B1;
			productRefGroup = A44675E427CD923A009D54B1 /* Products */;
			projectDirPath = "";
			projectRoot = "";
			targets = (
				A44675E227CD923A009D54B1 /* MVVM CoreData */,
			);
		};
/* End PBXProject section */

/* Begin PBXResourcesBuildPhase section */
		A44675E127CD923A009D54B1 /* Resources */ = {
			isa = PBXResourcesBuildPhase;
			buildActionMask = 2147483647;
			files = (
				A44675F627CD923B009D54B1 /* LaunchScreen.storyboard in Resources */,
				A44675F327CD923B009D54B1 /* Assets.xcassets in Resources */,
			);
			runOnlyForDeploymentPostprocessing = 0;
		};
/* End PBXResourcesBuildPhase section */

/* Begin PBXSourcesBuildPhase section */
		A44675DF27CD923A009D54B1 /* Sources */ = {
			isa = PBXSourcesBuildPhase;
			buildActionMask = 2147483647;
			files = (
				A4472B7C27CE392400C6FB9C /* TableView.swift in Sources */,
				A446760B27CDA904009D54B1 /* TableViewViewModelType.swift in Sources */,
				A446760327CD987D009D54B1 /* MVVM_CoreData.xcdatamodeld in Sources */,
				A446761E27CDAD9D009D54B1 /* CustomTableViewCell.swift in Sources */,
				A446761627CDA95F009D54B1 /* TableViewViewModel.swift in Sources */,
				A44675E727CD923A009D54B1 /* AppDelegate.swift in Sources */,
				A446760C27CDA904009D54B1 /* TableViewCellViewModelType.swift in Sources */,
				A446761427CDA95F009D54B1 /* TableViewCellViewModel.swift in Sources */,
				A446760727CDA8C9009D54B1 /* NotesTableViewController.swift in Sources */,
			);
			runOnlyForDeploymentPostprocessing = 0;
		};
/* End PBXSourcesBuildPhase section */

/* Begin PBXVariantGroup section */
		A44675F427CD923B009D54B1 /* LaunchScreen.storyboard */ = {
			isa = PBXVariantGroup;
			children = (
				A44675F527CD923B009D54B1 /* Base */,
			);
			name = LaunchScreen.storyboard;
			sourceTree = "<group>";
		};
/* End PBXVariantGroup section */

/* Begin XCBuildConfiguration section */
		A44675F827CD923B009D54B1 /* Debug */ = {
			isa = XCBuildConfiguration;
			buildSettings = {
				ALWAYS_SEARCH_USER_PATHS = NO;
				CLANG_ANALYZER_NONNULL = YES;
				CLANG_ANALYZER_NUMBER_OBJECT_CONVERSION = YES_AGGRESSIVE;
				CLANG_CXX_LANGUAGE_STANDARD = "gnu++17";
				CLANG_CXX_LIBRARY = "libc++";
				CLANG_ENABLE_MODULES = YES;
				CLANG_ENABLE_OBJC_ARC = YES;
				CLANG_ENABLE_OBJC_WEAK = YES;
				CLANG_WARN_BLOCK_CAPTURE_AUTORELEASING = YES;
				CLANG_WARN_BOOL_CONVERSION = YES;
				CLANG_WARN_COMMA = YES;
				CLANG_WARN_CONSTANT_CONVERSION = YES;
				CLANG_WARN_DEPRECATED_OBJC_IMPLEMENTATIONS = YES;
				CLANG_WARN_DIRECT_OBJC_ISA_USAGE = YES_ERROR;
				CLANG_WARN_DOCUMENTATION_COMMENTS = YES;
				CLANG_WARN_EMPTY_BODY = YES;
				CLANG_WARN_ENUM_CONVERSION = YES;
				CLANG_WARN_INFINITE_RECURSION = YES;
				CLANG_WARN_INT_CONVERSION = YES;
				CLANG_WARN_NON_LITERAL_NULL_CONVERSION = YES;
				CLANG_WARN_OBJC_IMPLICIT_RETAIN_SELF = YES;
				CLANG_WARN_OBJC_LITERAL_CONVERSION = YES;
				CLANG_WARN_OBJC_ROOT_CLASS = YES_ERROR;
				CLANG_WARN_QUOTED_INCLUDE_IN_FRAMEWORK_HEADER = YES;
				CLANG_WARN_RANGE_LOOP_ANALYSIS = YES;
				CLANG_WARN_STRICT_PROTOTYPES = YES;
				CLANG_WARN_SUSPICIOUS_MOVE = YES;
				CLANG_WARN_UNGUARDED_AVAILABILITY = YES_AGGRESSIVE;
				CLANG_WARN_UNREACHABLE_CODE = YES;
				CLANG_WARN__DUPLICATE_METHOD_MATCH = YES;
				COPY_PHASE_STRIP = NO;
				DEBUG_INFORMATION_FORMAT = dwarf;
				ENABLE_STRICT_OBJC_MSGSEND = YES;
				ENABLE_TESTABILITY = YES;
				GCC_C_LANGUAGE_STANDARD = gnu11;
				GCC_DYNAMIC_NO_PIC = NO;
				GCC_NO_COMMON_BLOCKS = YES;
				GCC_OPTIMIZATION_LEVEL = 0;
				GCC_PREPROCESSOR_DEFINITIONS = (
					"DEBUG=1",
					"$(inherited)",
				);
				GCC_WARN_64_TO_32_BIT_CONVERSION = YES;
				GCC_WARN_ABOUT_RETURN_TYPE = YES_ERROR;
				GCC_WARN_UNDECLARED_SELECTOR = YES;
				GCC_WARN_UNINITIALIZED_AUTOS = YES_AGGRESSIVE;
				GCC_WARN_UNUSED_FUNCTION = YES;
				GCC_WARN_UNUSED_VARIABLE = YES;
				IPHONEOS_DEPLOYMENT_TARGET = 15.0;
				MTL_ENABLE_DEBUG_INFO = INCLUDE_SOURCE;
				MTL_FAST_MATH = YES;
				ONLY_ACTIVE_ARCH = YES;
				SDKROOT = iphoneos;
				SWIFT_ACTIVE_COMPILATION_CONDITIONS = DEBUG;
				SWIFT_OPTIMIZATION_LEVEL = "-Onone";
			};
			name = Debug;
		};
		A44675F927CD923B009D54B1 /* Release */ = {
			isa = XCBuildConfiguration;
			buildSettings = {
				ALWAYS_SEARCH_USER_PATHS = NO;
				CLANG_ANALYZER_NONNULL = YES;
				CLANG_ANALYZER_NUMBER_OBJECT_CONVERSION = YES_AGGRESSIVE;
				CLANG_CXX_LANGUAGE_STANDARD = "gnu++17";
				CLANG_CXX_LIBRARY = "libc++";
				CLANG_ENABLE_MODULES = YES;
				CLANG_ENABLE_OBJC_ARC = YES;
				CLANG_ENABLE_OBJC_WEAK = YES;
				CLANG_WARN_BLOCK_CAPTURE_AUTORELEASING = YES;
				CLANG_WARN_BOOL_CONVERSION = YES;
				CLANG_WARN_COMMA = YES;
				CLANG_WARN_CONSTANT_CONVERSION = YES;
				CLANG_WARN_DEPRECATED_OBJC_IMPLEMENTATIONS = YES;
				CLANG_WARN_DIRECT_OBJC_ISA_USAGE = YES_ERROR;
				CLANG_WARN_DOCUMENTATION_COMMENTS = YES;
				CLANG_WARN_EMPTY_BODY = YES;
				CLANG_WARN_ENUM_CONVERSION = YES;
				CLANG_WARN_INFINITE_RECURSION = YES;
				CLANG_WARN_INT_CONVERSION = YES;
				CLANG_WARN_NON_LITERAL_NULL_CONVERSION = YES;
				CLANG_WARN_OBJC_IMPLICIT_RETAIN_SELF = YES;
				CLANG_WARN_OBJC_LITERAL_CONVERSION = YES;
				CLANG_WARN_OBJC_ROOT_CLASS = YES_ERROR;
				CLANG_WARN_QUOTED_INCLUDE_IN_FRAMEWORK_HEADER = YES;
				CLANG_WARN_RANGE_LOOP_ANALYSIS = YES;
				CLANG_WARN_STRICT_PROTOTYPES = YES;
				CLANG_WARN_SUSPICIOUS_MOVE = YES;
				CLANG_WARN_UNGUARDED_AVAILABILITY = YES_AGGRESSIVE;
				CLANG_WARN_UNREACHABLE_CODE = YES;
				CLANG_WARN__DUPLICATE_METHOD_MATCH = YES;
				COPY_PHASE_STRIP = NO;
				DEBUG_INFORMATION_FORMAT = "dwarf-with-dsym";
				ENABLE_NS_ASSERTIONS = NO;
				ENABLE_STRICT_OBJC_MSGSEND = YES;
				GCC_C_LANGUAGE_STANDARD = gnu11;
				GCC_NO_COMMON_BLOCKS = YES;
				GCC_WARN_64_TO_32_BIT_CONVERSION = YES;
				GCC_WARN_ABOUT_RETURN_TYPE = YES_ERROR;
				GCC_WARN_UNDECLARED_SELECTOR = YES;
				GCC_WARN_UNINITIALIZED_AUTOS = YES_AGGRESSIVE;
				GCC_WARN_UNUSED_FUNCTION = YES;
				GCC_WARN_UNUSED_VARIABLE = YES;
				IPHONEOS_DEPLOYMENT_TARGET = 15.0;
				MTL_ENABLE_DEBUG_INFO = NO;
				MTL_FAST_MATH = YES;
				SDKROOT = iphoneos;
				SWIFT_COMPILATION_MODE = wholemodule;
				SWIFT_OPTIMIZATION_LEVEL = "-O";
				VALIDATE_PRODUCT = YES;
			};
			name = Release;
		};
		A44675FB27CD923B009D54B1 /* Debug */ = {
			isa = XCBuildConfiguration;
			buildSettings = {
				ASSETCATALOG_COMPILER_APPICON_NAME = AppIcon;
				ASSETCATALOG_COMPILER_GLOBAL_ACCENT_COLOR_NAME = AccentColor;
				CODE_SIGN_STYLE = Automatic;
				CURRENT_PROJECT_VERSION = 1;
				DEVELOPMENT_TEAM = G57YK5NT2Q;
				GENERATE_INFOPLIST_FILE = YES;
				INFOPLIST_FILE = "MVVM CoreData/Info.plist";
				INFOPLIST_KEY_UIApplicationSupportsIndirectInputEvents = YES;
				INFOPLIST_KEY_UILaunchStoryboardName = LaunchScreen;
				INFOPLIST_KEY_UISupportedInterfaceOrientations_iPad = "UIInterfaceOrientationPortrait UIInterfaceOrientationPortraitUpsideDown UIInterfaceOrientationLandscapeLeft UIInterfaceOrientationLandscapeRight";
				INFOPLIST_KEY_UISupportedInterfaceOrientations_iPhone = "UIInterfaceOrientationPortrait UIInterfaceOrientationLandscapeLeft UIInterfaceOrientationLandscapeRight";
				LD_RUNPATH_SEARCH_PATHS = (
					"$(inherited)",
					"@executable_path/Frameworks",
				);
				MARKETING_VERSION = 1.0;
				PRODUCT_BUNDLE_IDENTIFIER = "com.oiuyt.MVVM-CoreData";
				PRODUCT_NAME = "$(TARGET_NAME)";
				SWIFT_EMIT_LOC_STRINGS = YES;
				SWIFT_VERSION = 5.0;
				TARGETED_DEVICE_FAMILY = "1,2";
			};
			name = Debug;
		};
		A44675FC27CD923B009D54B1 /* Release */ = {
			isa = XCBuildConfiguration;
			buildSettings = {
				ASSETCATALOG_COMPILER_APPICON_NAME = AppIcon;
				ASSETCATALOG_COMPILER_GLOBAL_ACCENT_COLOR_NAME = AccentColor;
				CODE_SIGN_STYLE = Automatic;
				CURRENT_PROJECT_VERSION = 1;
				DEVELOPMENT_TEAM = G57YK5NT2Q;
				GENERATE_INFOPLIST_FILE = YES;
				INFOPLIST_FILE = "MVVM CoreData/Info.plist";
				INFOPLIST_KEY_UIApplicationSupportsIndirectInputEvents = YES;
				INFOPLIST_KEY_UILaunchStoryboardName = LaunchScreen;
				INFOPLIST_KEY_UISupportedInterfaceOrientations_iPad = "UIInterfaceOrientationPortrait UIInterfaceOrientationPortraitUpsideDown UIInterfaceOrientationLandscapeLeft UIInterfaceOrientationLandscapeRight";
				INFOPLIST_KEY_UISupportedInterfaceOrientations_iPhone = "UIInterfaceOrientationPortrait UIInterfaceOrientationLandscapeLeft UIInterfaceOrientationLandscapeRight";
				LD_RUNPATH_SEARCH_PATHS = (
					"$(inherited)",
					"@executable_path/Frameworks",
				);
				MARKETING_VERSION = 1.0;
				PRODUCT_BUNDLE_IDENTIFIER = "com.oiuyt.MVVM-CoreData";
				PRODUCT_NAME = "$(TARGET_NAME)";
				SWIFT_EMIT_LOC_STRINGS = YES;
				SWIFT_VERSION = 5.0;
				TARGETED_DEVICE_FAMILY = "1,2";
			};
			name = Release;
		};
/* End XCBuildConfiguration section */

/* Begin XCConfigurationList section */
		A44675DE27CD923A009D54B1 /* Build configuration list for PBXProject "MVVM CoreData" */ = {
			isa = XCConfigurationList;
			buildConfigurations = (
				A44675F827CD923B009D54B1 /* Debug */,
				A44675F927CD923B009D54B1 /* Release */,
			);
			defaultConfigurationIsVisible = 0;
			defaultConfigurationName = Release;
		};
		A44675FA27CD923B009D54B1 /* Build configuration list for PBXNativeTarget "MVVM CoreData" */ = {
			isa = XCConfigurationList;
			buildConfigurations = (
				A44675FB27CD923B009D54B1 /* Debug */,
				A44675FC27CD923B009D54B1 /* Release */,
			);
			defaultConfigurationIsVisible = 0;
			defaultConfigurationName = Release;
		};
/* End XCConfigurationList section */

/* Begin XCVersionGroup section */
		A446760127CD987D009D54B1 /* MVVM_CoreData.xcdatamodeld */ = {
			isa = XCVersionGroup;
			children = (
				A446760227CD987D009D54B1 /* DataModel.xcdatamodel */,
			);
			currentVersion = A446760227CD987D009D54B1 /* DataModel.xcdatamodel */;
			name = MVVM_CoreData.xcdatamodeld;
			path = "../../../../Documents/Todoey-CoreData-iOS13-Completed/Todoey/Data Model/MVVM_CoreData.xcdatamodeld";
			sourceTree = "<group>";
			versionGroupType = wrapper.xcdatamodel;
		};
/* End XCVersionGroup section */
	};
	rootObject = A44675DB27CD923A009D54B1 /* Project object */;
}
